
Microsoft Visual Studio Solution File, Format Version 12.00
# Visual Studio Version 16
VisualStudioVersion = 16.0.30204.135
MinimumVisualStudioVersion = 10.0.40219.1
Project("{FAE04EC0-301F-11D3-BF4B-00C04F79EFBC}") = "TruyXuatFile", "TruyXuatFile\TruyXuatFile.csproj", "{F3D2D8AA-CF9E-4F13-92F1-CB2592B477F4}"
EndProject
Global
	GlobalSection(SolutionConfigurationPlatforms) = preSolution
		Debug|Any CPU = Debug|Any CPU
		Release|Any CPU = Release|Any CPU
	EndGlobalSection
	GlobalSection(ProjectConfigurationPlatforms) = postSolution
		{F3D2D8AA-CF9E-4F13-92F1-CB2592B477F4}.Debug|Any CPU.ActiveCfg = Debug|Any CPU
		{F3D2D8AA-CF9E-4F13-92F1-CB2592B477F4}.Debug|Any CPU.Build.0 = Debug|Any CPU
		{F3D2D8AA-CF9E-4F13-92F1-CB2592B477F4}.Release|Any CPU.ActiveCfg = Release|Any CPU
		{F3D2D8AA-CF9E-4F13-92F1-CB2592B477F4}.Release|Any CPU.Build.0 = Release|Any CPU
	EndGlobalSection
	GlobalSection(SolutionProperties) = preSolution
		HideSolutionNode = FALSE
	EndGlobalSection
	GlobalSection(ExtensibilityGlobals) = postSolution
		SolutionGuid = {B78A33EA-E4E6-4652-A592-099B0C09FAC6}
	EndGlobalSection
EndGlobal
